<?xml version="1.0" encoding="utf-8"?>
<Project ToolsVersion="4.0" xmlns="http://schemas.microsoft.com/developer/msbuild/2003">
  <ItemGroup>
    <Filter Include="Source Files">
      <UniqueIdentifier>{4FC737F1-C7A5-4376-A066-2A32D752A2FF}</UniqueIdentifier>
      <Extensions>cpp;c;cc;cxx;c++;cppm;ixx;def;odl;idl;hpj;bat;asm;asmx</Extensions>
    </Filter>
    <Filter Include="Header Files">
      <UniqueIdentifier>{93995380-89BD-4b04-88EB-625FBE52EBFB}</UniqueIdentifier>
      <Extensions>h;hh;hpp;hxx;h++;hm;inl;inc;ipp;xsd</Extensions>
    </Filter>
    <Filter Include="Source Files\common">
      <UniqueIdentifier>{42c596a7-9414-41ce-ad1f-135d7b0400d8}</UniqueIdentifier>
    </Filter>
    <Filter Include="Source Files\pluginSDK">
      <UniqueIdentifier>{2108d28d-2d22-47fd-88d9-a0a4cd99f26c}</UniqueIdentifier>
    </Filter>
    <Filter Include="Header Files\common">
      <UniqueIdentifier>{5939da64-2404-4b9a-aa81-03a9f49c92da}</UniqueIdentifier>
    </Filter>
    <Filter Include="Header Files\pluginSDK">
      <UniqueIdentifier>{73b0bb70-7960-4f33-9064-b09c87d01ae4}</UniqueIdentifier>
    </Filter>
  </ItemGroup>
  <ItemGroup>
    <ClCompile Include="MacroCommon.cpp">
      <Filter>Source Files</Filter>
    </ClCompile>
    <ClCompile Include="pluginSDK\IPlugin.cpp">
      <Filter>Source Files\pluginSDK</Filter>
    </ClCompile>
    <ClCompile Include="common\utils.cpp">
      <Filter>Source Files\common</Filter>
    </ClCompile>
    <ClCompile Include="pluginSDK\APlugin.cpp">
      <Filter>Source Files\pluginSDK</Filter>
    </ClCompile>
  </ItemGroup>
  <ItemGroup>
    <ClInclude Include="MacroCommon.h">
      <Filter>Header Files</Filter>
    </ClInclude>
    <ClInclude Include="common\utils.h">
      <Filter>Header Files\common</Filter>
    </ClInclude>
    <ClInclude Include="pluginSDK\IPlugin.h">
      <Filter>Header Files\pluginSDK</Filter>
    </ClInclude>
    <ClInclude Include="pluginSDK\APlugin.h">
      <Filter>Header Files\pluginSDK</Filter>
    </ClInclude>
    <ClInclude Include="pluginSDK\SDK_version.h">
      <Filter>Header Files\pluginSDK</Filter>
    </ClInclude>
    <ClInclude Include="pluginSDK\PluginSDK.h">
      <Filter>Header Files\pluginSDK</Filter>
    </ClInclude>
    <ClInclude Include="pluginSDK\SDK_export.h">
      <Filter>Header Files\pluginSDK</Filter>
    </ClInclude>
  </ItemGroup>
</Project>