
Microsoft Visual Studio Solution File, Format Version 12.00
# Visual Studio Version 17
VisualStudioVersion = 17.3.32922.545
MinimumVisualStudioVersion = 10.0.40219.1
Project("{8BC9CEB8-8B4A-11D0-8D11-00A0C91BC942}") = "MacroPad", "MacroPad\MacroPad.vcxproj", "{CC358DA5-B802-E8B0-E11B-D658CD471D3F}"
EndProject
Project("{2150E333-8FDC-42A3-9474-1A3956D46DE8}") = "Dependecies", "Dependecies", "{C5F8F5E2-310F-F478-7A86-7F9AE6DBC400}"
EndProject
Project("{8BC9CEB8-8B4A-11D0-8D11-00A0C91BC942}") = "GLFW", "MacroPadCommons\vendor\GLFW\GLFW.vcxproj", "{154B857C-0182-860D-AA6E-6C109684020F}"
EndProject
Project("{2150E333-8FDC-42A3-9474-1A3956D46DE8}") = "Dev", "Dev", "{AB6CF67E-17D7-AAF5-6015-5C9BCCBE884A}"
EndProject
Project("{8BC9CEB8-8B4A-11D0-8D11-00A0C91BC942}") = "DevSandbox", "dev\sandbox\DevSandbox.vcxproj", "{B3455203-9FFD-9350-0805-6DACF4DB2E41}"
EndProject
Project("{8BC9CEB8-8B4A-11D0-8D11-00A0C91BC942}") = "DevTools", "dev\tools\DevTools.vcxproj", "{155759B5-0124-B4C0-2A3D-A2681669E94E}"
EndProject
Project("{8BC9CEB8-8B4A-11D0-8D11-00A0C91BC942}") = "MacroPadCommons", "MacroPadCommons\MacroPadCommons.vcxproj", "{A8D7D15A-1463-3F1F-1D74-C213897E9B1F}"
EndProject
Project("{8BC9CEB8-8B4A-11D0-8D11-00A0C91BC942}") = "PluginTemplate", "PluginTemplate\PluginTemplate.vcxproj", "{D069A2B4-BC37-96BA-A5CB-06E19138721F}"
EndProject
Project("{8BC9CEB8-8B4A-11D0-8D11-00A0C91BC942}") = "PluginTest", "PluginTest\PluginTest.vcxproj", "{B4A0238D-A058-65DA-0960-3E36F53600CB}"
EndProject
Global
	GlobalSection(SolutionConfigurationPlatforms) = preSolution
		Debug|x64 = Debug|x64
		Debug|x86 = Debug|x86
		Dist|x64 = Dist|x64
		Dist|x86 = Dist|x86
		Release|x64 = Release|x64
		Release|x86 = Release|x86
	EndGlobalSection
	GlobalSection(ProjectConfigurationPlatforms) = postSolution
		{CC358DA5-B802-E8B0-E11B-D658CD471D3F}.Debug|x64.ActiveCfg = Debug|x64
		{CC358DA5-B802-E8B0-E11B-D658CD471D3F}.Debug|x64.Build.0 = Debug|x64
		{CC358DA5-B802-E8B0-E11B-D658CD471D3F}.Debug|x86.ActiveCfg = Debug|x64
		{CC358DA5-B802-E8B0-E11B-D658CD471D3F}.Debug|x86.Build.0 = Debug|x64
		{CC358DA5-B802-E8B0-E11B-D658CD471D3F}.Dist|x64.ActiveCfg = Dist|x64
		{CC358DA5-B802-E8B0-E11B-D658CD471D3F}.Dist|x64.Build.0 = Dist|x64
		{CC358DA5-B802-E8B0-E11B-D658CD471D3F}.Dist|x86.ActiveCfg = Dist|x64
		{CC358DA5-B802-E8B0-E11B-D658CD471D3F}.Dist|x86.Build.0 = Dist|x64
		{CC358DA5-B802-E8B0-E11B-D658CD471D3F}.Release|x64.ActiveCfg = Release|x64
		{CC358DA5-B802-E8B0-E11B-D658CD471D3F}.Release|x64.Build.0 = Release|x64
		{CC358DA5-B802-E8B0-E11B-D658CD471D3F}.Release|x86.ActiveCfg = Release|x64
		{CC358DA5-B802-E8B0-E11B-D658CD471D3F}.Release|x86.Build.0 = Release|x64
		{154B857C-0182-860D-AA6E-6C109684020F}.Debug|x64.ActiveCfg = Debug|x64
		{154B857C-0182-860D-AA6E-6C109684020F}.Debug|x86.ActiveCfg = Debug|x64
		{154B857C-0182-860D-AA6E-6C109684020F}.Debug|x86.Build.0 = Debug|x64
		{154B857C-0182-860D-AA6E-6C109684020F}.Dist|x64.ActiveCfg = Dist|x64
		{154B857C-0182-860D-AA6E-6C109684020F}.Dist|x64.Build.0 = Dist|x64
		{154B857C-0182-860D-AA6E-6C109684020F}.Dist|x86.ActiveCfg = Dist|x64
		{154B857C-0182-860D-AA6E-6C109684020F}.Dist|x86.Build.0 = Dist|x64
		{154B857C-0182-860D-AA6E-6C109684020F}.Release|x64.ActiveCfg = Release|x64
		{154B857C-0182-860D-AA6E-6C109684020F}.Release|x64.Build.0 = Release|x64
		{154B857C-0182-860D-AA6E-6C109684020F}.Release|x86.ActiveCfg = Release|x64
		{154B857C-0182-860D-AA6E-6C109684020F}.Release|x86.Build.0 = Release|x64
		{B3455203-9FFD-9350-0805-6DACF4DB2E41}.Debug|x64.ActiveCfg = Debug|x64
		{B3455203-9FFD-9350-0805-6DACF4DB2E41}.Debug|x86.ActiveCfg = Debug|x64
		{B3455203-9FFD-9350-0805-6DACF4DB2E41}.Debug|x86.Build.0 = Debug|x64
		{B3455203-9FFD-9350-0805-6DACF4DB2E41}.Dist|x64.ActiveCfg = Dist|x64
		{B3455203-9FFD-9350-0805-6DACF4DB2E41}.Dist|x64.Build.0 = Dist|x64
		{B3455203-9FFD-9350-0805-6DACF4DB2E41}.Dist|x86.ActiveCfg = Dist|x64
		{B3455203-9FFD-9350-0805-6DACF4DB2E41}.Dist|x86.Build.0 = Dist|x64
		{B3455203-9FFD-9350-0805-6DACF4DB2E41}.Release|x64.ActiveCfg = Release|x64
		{B3455203-9FFD-9350-0805-6DACF4DB2E41}.Release|x64.Build.0 = Release|x64
		{B3455203-9FFD-9350-0805-6DACF4DB2E41}.Release|x86.ActiveCfg = Release|x64
		{B3455203-9FFD-9350-0805-6DACF4DB2E41}.Release|x86.Build.0 = Release|x64
		{155759B5-0124-B4C0-2A3D-A2681669E94E}.Debug|x64.ActiveCfg = Debug|x64
		{155759B5-0124-B4C0-2A3D-A2681669E94E}.Debug|x86.ActiveCfg = Debug|x64
		{155759B5-0124-B4C0-2A3D-A2681669E94E}.Debug|x86.Build.0 = Debug|x64
		{155759B5-0124-B4C0-2A3D-A2681669E94E}.Dist|x64.ActiveCfg = Dist|x64
		{155759B5-0124-B4C0-2A3D-A2681669E94E}.Dist|x86.ActiveCfg = Dist|x64
		{155759B5-0124-B4C0-2A3D-A2681669E94E}.Dist|x86.Build.0 = Dist|x64
		{155759B5-0124-B4C0-2A3D-A2681669E94E}.Release|x64.ActiveCfg = Release|x64
		{155759B5-0124-B4C0-2A3D-A2681669E94E}.Release|x86.ActiveCfg = Release|x64
		{155759B5-0124-B4C0-2A3D-A2681669E94E}.Release|x86.Build.0 = Release|x64
		{A8D7D15A-1463-3F1F-1D74-C213897E9B1F}.Debug|x64.ActiveCfg = Debug|x64
		{A8D7D15A-1463-3F1F-1D74-C213897E9B1F}.Debug|x64.Build.0 = Debug|x64
		{A8D7D15A-1463-3F1F-1D74-C213897E9B1F}.Debug|x86.ActiveCfg = Debug|x64
		{A8D7D15A-1463-3F1F-1D74-C213897E9B1F}.Debug|x86.Build.0 = Debug|x64
		{A8D7D15A-1463-3F1F-1D74-C213897E9B1F}.Dist|x64.ActiveCfg = Dist|x64
		{A8D7D15A-1463-3F1F-1D74-C213897E9B1F}.Dist|x64.Build.0 = Dist|x64
		{A8D7D15A-1463-3F1F-1D74-C213897E9B1F}.Dist|x86.ActiveCfg = Dist|x64
		{A8D7D15A-1463-3F1F-1D74-C213897E9B1F}.Dist|x86.Build.0 = Dist|x64
		{A8D7D15A-1463-3F1F-1D74-C213897E9B1F}.Release|x64.ActiveCfg = Release|x64
		{A8D7D15A-1463-3F1F-1D74-C213897E9B1F}.Release|x64.Build.0 = Release|x64
		{A8D7D15A-1463-3F1F-1D74-C213897E9B1F}.Release|x86.ActiveCfg = Release|x64
		{A8D7D15A-1463-3F1F-1D74-C213897E9B1F}.Release|x86.Build.0 = Release|x64
		{D069A2B4-BC37-96BA-A5CB-06E19138721F}.Debug|x64.ActiveCfg = Debug|x64
		{D069A2B4-BC37-96BA-A5CB-06E19138721F}.Debug|x86.ActiveCfg = Debug|x64
		{D069A2B4-BC37-96BA-A5CB-06E19138721F}.Debug|x86.Build.0 = Debug|x64
		{D069A2B4-BC37-96BA-A5CB-06E19138721F}.Dist|x64.ActiveCfg = Dist|x64
		{D069A2B4-BC37-96BA-A5CB-06E19138721F}.Dist|x64.Build.0 = Dist|x64
		{D069A2B4-BC37-96BA-A5CB-06E19138721F}.Dist|x86.ActiveCfg = Dist|x64
		{D069A2B4-BC37-96BA-A5CB-06E19138721F}.Dist|x86.Build.0 = Dist|x64
		{D069A2B4-BC37-96BA-A5CB-06E19138721F}.Release|x64.ActiveCfg = Release|x64
		{D069A2B4-BC37-96BA-A5CB-06E19138721F}.Release|x64.Build.0 = Release|x64
		{D069A2B4-BC37-96BA-A5CB-06E19138721F}.Release|x86.ActiveCfg = Release|x64
		{D069A2B4-BC37-96BA-A5CB-06E19138721F}.Release|x86.Build.0 = Release|x64
		{B4A0238D-A058-65DA-0960-3E36F53600CB}.Debug|x64.ActiveCfg = Debug|x64
		{B4A0238D-A058-65DA-0960-3E36F53600CB}.Debug|x86.ActiveCfg = Debug|x64
		{B4A0238D-A058-65DA-0960-3E36F53600CB}.Debug|x86.Build.0 = Debug|x64
		{B4A0238D-A058-65DA-0960-3E36F53600CB}.Dist|x64.ActiveCfg = Dist|x64
		{B4A0238D-A058-65DA-0960-3E36F53600CB}.Dist|x64.Build.0 = Dist|x64
		{B4A0238D-A058-65DA-0960-3E36F53600CB}.Dist|x86.ActiveCfg = Dist|x64
		{B4A0238D-A058-65DA-0960-3E36F53600CB}.Dist|x86.Build.0 = Dist|x64
		{B4A0238D-A058-65DA-0960-3E36F53600CB}.Release|x64.ActiveCfg = Release|x64
		{B4A0238D-A058-65DA-0960-3E36F53600CB}.Release|x64.Build.0 = Release|x64
		{B4A0238D-A058-65DA-0960-3E36F53600CB}.Release|x86.ActiveCfg = Release|x64
		{B4A0238D-A058-65DA-0960-3E36F53600CB}.Release|x86.Build.0 = Release|x64
	EndGlobalSection
	GlobalSection(SolutionProperties) = preSolution
		HideSolutionNode = FALSE
	EndGlobalSection
	GlobalSection(NestedProjects) = preSolution
		{154B857C-0182-860D-AA6E-6C109684020F} = {C5F8F5E2-310F-F478-7A86-7F9AE6DBC400}
		{B3455203-9FFD-9350-0805-6DACF4DB2E41} = {AB6CF67E-17D7-AAF5-6015-5C9BCCBE884A}
		{155759B5-0124-B4C0-2A3D-A2681669E94E} = {AB6CF67E-17D7-AAF5-6015-5C9BCCBE884A}
	EndGlobalSection
	GlobalSection(ExtensibilityGlobals) = postSolution
		SolutionGuid = {AFA495AD-92C2-4804-8EF3-3589DC640C5E}
	EndGlobalSection
EndGlobal
