<?xml version="1.0" encoding="utf-8"?>
<Project ToolsVersion="4.0" xmlns="http://schemas.microsoft.com/developer/msbuild/2003">
  <ItemGroup>
    <Filter Include="Application">
      <UniqueIdentifier>{D9DE78AF-4594-F1A4-CE88-EB7B3A3DE8A8}</UniqueIdentifier>
    </Filter>
    <Filter Include="Plugins">
      <UniqueIdentifier>{E7385F16-5318-DEB1-5C30-6988C88E4413}</UniqueIdentifier>
    </Filter>
  </ItemGroup>
  <ItemGroup>
    <ClInclude Include="src\Application\Application.h">
      <Filter>Application</Filter>
    </ClInclude>
    <ClInclude Include="src\MacroPad.h" />
    <ClInclude Include="src\Plugins\PluginLoader.h">
      <Filter>Plugins</Filter>
    </ClInclude>
  </ItemGroup>
  <ItemGroup>
    <ClCompile Include="src\Application\Application.cpp">
      <Filter>Application</Filter>
    </ClCompile>
    <ClCompile Include="src\Application\entrypoint.cpp">
      <Filter>Application</Filter>
    </ClCompile>
    <ClCompile Include="src\Plugins\PluginLoader.cpp">
      <Filter>Plugins</Filter>
    </ClCompile>
  </ItemGroup>
</Project>